
Microsoft Visual Studio Solution File, Format Version 12.00
# Visual Studio Version 16
VisualStudioVersion = 16.0.30011.22
MinimumVisualStudioVersion = 10.0.40219.1
Project("{9A19103F-16F7-4668-BE54-9A1E7A4F7556}") = "MjmlDotNet", "MJML\MjmlDotNet.csproj", "{ED14ED87-0E49-4624-98D2-876277D59F9D}"
EndProject
Project("{FAE04EC0-301F-11D3-BF4B-00C04F79EFBC}") = "MjmlConsoleTest", "MjmlConsoleTest\MjmlConsoleTest.csproj", "{A2867BB0-F05E-4A32-B750-546FAEF96E04}"
EndProject
Project("{FAE04EC0-301F-11D3-BF4B-00C04F79EFBC}") = "MjmlDotNet.Tests", "MjmlDotNet.Tests\MjmlDotNet.Tests.csproj", "{69924AFF-FE5A-4555-AE4B-EAB8CDBBEA5C}"
EndProject
Global
	GlobalSection(SolutionConfigurationPlatforms) = preSolution
		Debug|Any CPU = Debug|Any CPU
		Release|Any CPU = Release|Any CPU
	EndGlobalSection
	GlobalSection(ProjectConfigurationPlatforms) = postSolution
		{ED14ED87-0E49-4624-98D2-876277D59F9D}.Debug|Any CPU.ActiveCfg = Debug|Any CPU
		{ED14ED87-0E49-4624-98D2-876277D59F9D}.Debug|Any CPU.Build.0 = Debug|Any CPU
		{ED14ED87-0E49-4624-98D2-876277D59F9D}.Release|Any CPU.ActiveCfg = Release|Any CPU
		{ED14ED87-0E49-4624-98D2-876277D59F9D}.Release|Any CPU.Build.0 = Release|Any CPU
		{A2867BB0-F05E-4A32-B750-546FAEF96E04}.Debug|Any CPU.ActiveCfg = Debug|Any CPU
		{A2867BB0-F05E-4A32-B750-546FAEF96E04}.Debug|Any CPU.Build.0 = Debug|Any CPU
		{A2867BB0-F05E-4A32-B750-546FAEF96E04}.Release|Any CPU.ActiveCfg = Release|Any CPU
		{A2867BB0-F05E-4A32-B750-546FAEF96E04}.Release|Any CPU.Build.0 = Release|Any CPU
		{69924AFF-FE5A-4555-AE4B-EAB8CDBBEA5C}.Debug|Any CPU.ActiveCfg = Debug|Any CPU
		{69924AFF-FE5A-4555-AE4B-EAB8CDBBEA5C}.Debug|Any CPU.Build.0 = Debug|Any CPU
		{69924AFF-FE5A-4555-AE4B-EAB8CDBBEA5C}.Release|Any CPU.ActiveCfg = Release|Any CPU
		{69924AFF-FE5A-4555-AE4B-EAB8CDBBEA5C}.Release|Any CPU.Build.0 = Release|Any CPU
	EndGlobalSection
	GlobalSection(SolutionProperties) = preSolution
		HideSolutionNode = FALSE
	EndGlobalSection
	GlobalSection(ExtensibilityGlobals) = postSolution
		SolutionGuid = {A87C5624-9D8A-4669-B49E-84F15DC63A97}
	EndGlobalSection
EndGlobal
