
Microsoft Visual Studio Solution File, Format Version 12.00
# Visual Studio Version 16
VisualStudioVersion = 16.0.30011.22
MinimumVisualStudioVersion = 10.0.40219.1
Project("{FAE04EC0-301F-11D3-BF4B-00C04F79EFBC}") = "MjmlConsoleTest", "MjmlConsoleTest\MjmlConsoleTest.csproj", "{A2867BB0-F05E-4A32-B750-546FAEF96E04}"
EndProject
Project("{9A19103F-16F7-4668-BE54-9A1E7A4F7556}") = "MjmlDotNet.Tests", "MjmlDotNet.Tests\MjmlDotNet.Tests.csproj", "{69924AFF-FE5A-4555-AE4B-EAB8CDBBEA5C}"
EndProject
Project("{9A19103F-16F7-4668-BE54-9A1E7A4F7556}") = "MjmlDotNet", "MjmlDotNet\MjmlDotNet.csproj", "{CB0B9437-25FA-433A-8410-0D120E5C7252}"
EndProject
Project("{FAE04EC0-301F-11D3-BF4B-00C04F79EFBC}") = "MjmlDotNet.PerformanceTests", "MjmlDotNet.PerformanceTests\MjmlDotNet.PerformanceTests.csproj", "{1B904567-F32C-47F4-A3D4-A2AAB5DFCEC1}"
EndProject
Global
	GlobalSection(SolutionConfigurationPlatforms) = preSolution
		Debug|Any CPU = Debug|Any CPU
		Release|Any CPU = Release|Any CPU
	EndGlobalSection
	GlobalSection(ProjectConfigurationPlatforms) = postSolution
		{A2867BB0-F05E-4A32-B750-546FAEF96E04}.Debug|Any CPU.ActiveCfg = Debug|Any CPU
		{A2867BB0-F05E-4A32-B750-546FAEF96E04}.Debug|Any CPU.Build.0 = Debug|Any CPU
		{A2867BB0-F05E-4A32-B750-546FAEF96E04}.Release|Any CPU.ActiveCfg = Release|Any CPU
		{A2867BB0-F05E-4A32-B750-546FAEF96E04}.Release|Any CPU.Build.0 = Release|Any CPU
		{69924AFF-FE5A-4555-AE4B-EAB8CDBBEA5C}.Debug|Any CPU.ActiveCfg = Debug|Any CPU
		{69924AFF-FE5A-4555-AE4B-EAB8CDBBEA5C}.Debug|Any CPU.Build.0 = Debug|Any CPU
		{69924AFF-FE5A-4555-AE4B-EAB8CDBBEA5C}.Release|Any CPU.ActiveCfg = Release|Any CPU
		{69924AFF-FE5A-4555-AE4B-EAB8CDBBEA5C}.Release|Any CPU.Build.0 = Release|Any CPU
		{CB0B9437-25FA-433A-8410-0D120E5C7252}.Debug|Any CPU.ActiveCfg = Debug|Any CPU
		{CB0B9437-25FA-433A-8410-0D120E5C7252}.Debug|Any CPU.Build.0 = Debug|Any CPU
		{CB0B9437-25FA-433A-8410-0D120E5C7252}.Release|Any CPU.ActiveCfg = Release|Any CPU
		{CB0B9437-25FA-433A-8410-0D120E5C7252}.Release|Any CPU.Build.0 = Release|Any CPU
		{1B904567-F32C-47F4-A3D4-A2AAB5DFCEC1}.Debug|Any CPU.ActiveCfg = Debug|Any CPU
		{1B904567-F32C-47F4-A3D4-A2AAB5DFCEC1}.Debug|Any CPU.Build.0 = Debug|Any CPU
		{1B904567-F32C-47F4-A3D4-A2AAB5DFCEC1}.Release|Any CPU.ActiveCfg = Release|Any CPU
		{1B904567-F32C-47F4-A3D4-A2AAB5DFCEC1}.Release|Any CPU.Build.0 = Release|Any CPU
	EndGlobalSection
	GlobalSection(SolutionProperties) = preSolution
		HideSolutionNode = FALSE
	EndGlobalSection
	GlobalSection(ExtensibilityGlobals) = postSolution
		SolutionGuid = {A87C5624-9D8A-4669-B49E-84F15DC63A97}
	EndGlobalSection
EndGlobal
